{
  "name": "app.drive.uploader",
  "lockfileVersion": 2,
  "requires": true,
  "packages": {
    "": {
      "dependencies": {
        "@types/gapi": "^0.0.43",
        "@types/gapi.client.discovery": "^1.0.8",
        "@types/gapi.client.drive": "^3.0.14",
        "@types/gapi.client.gmail": "^1.0.4",
        "@types/gapi.client.oauth2": "^2.0.3",
        "@types/gapi.client.sheets": "^4.0.20201030",
        "@types/google-apps-script": "^1.0.57"
      }
    },
    "node_modules/@maxim_mazurok/gapi.client.discovery-v1": {
      "version": "0.0.20200806",
      "resolved": "https://registry.npmjs.org/@maxim_mazurok/gapi.client.discovery-v1/-/gapi.client.discovery-v1-0.0.20200806.tgz",
      "integrity": "sha512-0pZtrElj8bc0YROIo7nH8VVvks/iww/L68l7r74oC9+ksSVO3Lum1zUR8dXTvJ7TqLGaNYiiNaUZianK6doh/w==",
      "dependencies": {
        "@types/gapi.client": "*",
        "@types/gapi.client.discovery": "*"
      }
    },
    "node_modules/@maxim_mazurok/gapi.client.drive-v3": {
      "version": "0.0.20230115",
      "resolved": "https://registry.npmjs.org/@maxim_mazurok/gapi.client.drive-v3/-/gapi.client.drive-v3-0.0.20230115.tgz",
      "integrity": "sha512-OwCBXTpVJRgbRoWvRHZAcPa+pLXq18yB/9gVnjwwWoXnkAg3XXJsvQth6/UDwXqSjnmy3z0B5ctXBB/YoWsuPw==",
      "dependencies": {
        "@types/gapi.client": "*",
        "@types/gapi.client.discovery": "*"
      }
    },
    "node_modules/@maxim_mazurok/gapi.client.gmail-v1": {
      "version": "0.0.20230116",
      "resolved": "https://registry.npmjs.org/@maxim_mazurok/gapi.client.gmail-v1/-/gapi.client.gmail-v1-0.0.20230116.tgz",
      "integrity": "sha512-V4jXwnBpAy9wf5VWg/F2Ohqvy8XcLA/YK8j0tPSbLHSW7ilJQmpKOrJdZFyTk/mPBlwO4c+wJfJhn1nZzPnqIA==",
      "dependencies": {
        "@types/gapi.client": "*",
        "@types/gapi.client.discovery": "*"
      }
    },
    "node_modules/@maxim_mazurok/gapi.client.oauth2-v2": {
      "version": "0.0.20200213",
      "resolved": "https://registry.npmjs.org/@maxim_mazurok/gapi.client.oauth2-v2/-/gapi.client.oauth2-v2-0.0.20200213.tgz",
      "integrity": "sha512-CtMeicnExqTAoAok72PqqknL1p2sLVbAqB/4rpsbi2LYPy26ln23W+mZUB9uYl6Rt7a0DCqJdohdF40Q/dZv/w==",
      "dependencies": {
        "@types/gapi.client": "*",
        "@types/gapi.client.discovery": "*"
      }
    },
    "node_modules/@maxim_mazurok/gapi.client.sheets-v4": {
      "version": "0.0.20230119",
      "resolved": "https://registry.npmjs.org/@maxim_mazurok/gapi.client.sheets-v4/-/gapi.client.sheets-v4-0.0.20230119.tgz",
      "integrity": "sha512-J6drg+rkyCdTUBtiVnOYabvqeMe4VF9TDCb2Fn0L9CuqjHKiEYSU0V8KJ6o6krE+4EbjeGkvwL5BoEdQlB+FQA==",
      "dependencies": {
        "@types/gapi.client": "*",
        "@types/gapi.client.discovery": "*"
      }
    },
    "node_modules/@types/gapi": {
      "version": "0.0.43",
      "resolved": "https://registry.npmjs.org/@types/gapi/-/gapi-0.0.43.tgz",
      "integrity": "sha512-GbnoTC1psXR1XlBE76LW0eanE/a56iGUzbUOImEI8/xXHuppdbhhIKX9Z71mTut2XoFADh58PgfRg1cyD7TnTw=="
    },
    "node_modules/@types/gapi.client": {
      "version": "1.0.5",
      "resolved": "https://registry.npmjs.org/@types/gapi.client/-/gapi.client-1.0.5.tgz",
      "integrity": "sha512-OTpbBMuzfC4lkvaomxqskI/iWRGW3zOZbDXZLNSyiuswTiSSGgILRLkg0POuZ4EgzEdaYaTlXpnXiCp07ri/Yw=="
    },
    "node_modules/@types/gapi.client.discovery": {
      "version": "1.0.8",
      "resolved": "https://registry.npmjs.org/@types/gapi.client.discovery/-/gapi.client.discovery-1.0.8.tgz",
      "integrity": "sha512-cYVp7ISY2oqH/cHIfLVjppJo7xmMiY/RhMVN0O/6Z+X3grwojmuDIHcUw/C1F31/zFpFWDSjaPkwNP0aKIbbcw==",
      "dependencies": {
        "@maxim_mazurok/gapi.client.discovery-v1": "latest"
      }
    },
    "node_modules/@types/gapi.client.drive": {
      "version": "3.0.14",
      "resolved": "https://registry.npmjs.org/@types/gapi.client.drive/-/gapi.client.drive-3.0.14.tgz",
      "integrity": "sha512-q16KCwZsxYsPz43lhFYoFwjwELj+BmIS2HVs8upwlXhiLMEVnC957hYT7rKCYi8YyarKLoLBHshsMIpC//CT7Q==",
      "dependencies": {
        "@maxim_mazurok/gapi.client.drive-v3": "latest"
      }
    },
    "node_modules/@types/gapi.client.gmail": {
      "version": "1.0.4",
      "resolved": "https://registry.npmjs.org/@types/gapi.client.gmail/-/gapi.client.gmail-1.0.4.tgz",
      "integrity": "sha512-qu6TegbxHxgn+x3sNWJkggSOsw/aCkz8xYKQCh0lF97EyD20uBe1wT0Zsg3NV2v3bhChPi7vIJVnSiidk/P1qQ==",
      "dependencies": {
        "@maxim_mazurok/gapi.client.gmail-v1": "latest"
      }
    },
    "node_modules/@types/gapi.client.oauth2": {
      "version": "2.0.3",
      "resolved": "https://registry.npmjs.org/@types/gapi.client.oauth2/-/gapi.client.oauth2-2.0.3.tgz",
      "integrity": "sha512-+K1KV4x3p60+ZwUpo4197j3A6vk/lgYSwJGsfSA5TupCKQld/BjxfOPrlfRzdkdE2p8dw4Efd3L8NZZawd7n2w==",
      "dependencies": {
        "@maxim_mazurok/gapi.client.oauth2-v2": "latest"
      }
    },
    "node_modules/@types/gapi.client.sheets": {
      "version": "4.0.20201030",
      "resolved": "https://registry.npmjs.org/@types/gapi.client.sheets/-/gapi.client.sheets-4.0.20201030.tgz",
      "integrity": "sha512-U6sBNFNbIV8Z18jKDpK3m5ehyHXbAJKfT3kM84hb57/tkcWvfXFu84xg4PFKHHxTSUlL0arF1ikesNdM3hRrjw==",
      "dependencies": {
        "@maxim_mazurok/gapi.client.sheets-v4": "latest"
      }
    },
    "node_modules/@types/google-apps-script": {
      "version": "1.0.57",
      "resolved": "https://registry.npmjs.org/@types/google-apps-script/-/google-apps-script-1.0.57.tgz",
      "integrity": "sha512-w06Yoh+SamGpS2kGVlGy/5JkmFkLrW6u3tbglyHEu9uC9lrzqr6FyLcgVsL95Tmq9L0q//D8seqd4GZGRPPKUw=="
    }
  },
  "dependencies": {
    "@maxim_mazurok/gapi.client.discovery-v1": {
      "version": "0.0.20200806",
      "resolved": "https://registry.npmjs.org/@maxim_mazurok/gapi.client.discovery-v1/-/gapi.client.discovery-v1-0.0.20200806.tgz",
      "integrity": "sha512-0pZtrElj8bc0YROIo7nH8VVvks/iww/L68l7r74oC9+ksSVO3Lum1zUR8dXTvJ7TqLGaNYiiNaUZianK6doh/w==",
      "requires": {
        "@types/gapi.client": "*",
        "@types/gapi.client.discovery": "*"
      }
    },
    "@maxim_mazurok/gapi.client.drive-v3": {
      "version": "0.0.20230115",
      "resolved": "https://registry.npmjs.org/@maxim_mazurok/gapi.client.drive-v3/-/gapi.client.drive-v3-0.0.20230115.tgz",
      "integrity": "sha512-OwCBXTpVJRgbRoWvRHZAcPa+pLXq18yB/9gVnjwwWoXnkAg3XXJsvQth6/UDwXqSjnmy3z0B5ctXBB/YoWsuPw==",
      "requires": {
        "@types/gapi.client": "*",
        "@types/gapi.client.discovery": "*"
      }
    },
    "@maxim_mazurok/gapi.client.gmail-v1": {
      "version": "0.0.20230116",
      "resolved": "https://registry.npmjs.org/@maxim_mazurok/gapi.client.gmail-v1/-/gapi.client.gmail-v1-0.0.20230116.tgz",
      "integrity": "sha512-V4jXwnBpAy9wf5VWg/F2Ohqvy8XcLA/YK8j0tPSbLHSW7ilJQmpKOrJdZFyTk/mPBlwO4c+wJfJhn1nZzPnqIA==",
      "requires": {
        "@types/gapi.client": "*",
        "@types/gapi.client.discovery": "*"
      }
    },
    "@maxim_mazurok/gapi.client.oauth2-v2": {
      "version": "0.0.20200213",
      "resolved": "https://registry.npmjs.org/@maxim_mazurok/gapi.client.oauth2-v2/-/gapi.client.oauth2-v2-0.0.20200213.tgz",
      "integrity": "sha512-CtMeicnExqTAoAok72PqqknL1p2sLVbAqB/4rpsbi2LYPy26ln23W+mZUB9uYl6Rt7a0DCqJdohdF40Q/dZv/w==",
      "requires": {
        "@types/gapi.client": "*",
        "@types/gapi.client.discovery": "*"
      }
    },
    "@maxim_mazurok/gapi.client.sheets-v4": {
      "version": "0.0.20230119",
      "resolved": "https://registry.npmjs.org/@maxim_mazurok/gapi.client.sheets-v4/-/gapi.client.sheets-v4-0.0.20230119.tgz",
      "integrity": "sha512-J6drg+rkyCdTUBtiVnOYabvqeMe4VF9TDCb2Fn0L9CuqjHKiEYSU0V8KJ6o6krE+4EbjeGkvwL5BoEdQlB+FQA==",
      "requires": {
        "@types/gapi.client": "*",
        "@types/gapi.client.discovery": "*"
      }
    },
    "@types/gapi": {
      "version": "0.0.43",
      "resolved": "https://registry.npmjs.org/@types/gapi/-/gapi-0.0.43.tgz",
      "integrity": "sha512-GbnoTC1psXR1XlBE76LW0eanE/a56iGUzbUOImEI8/xXHuppdbhhIKX9Z71mTut2XoFADh58PgfRg1cyD7TnTw=="
    },
    "@types/gapi.client": {
      "version": "1.0.5",
      "resolved": "https://registry.npmjs.org/@types/gapi.client/-/gapi.client-1.0.5.tgz",
      "integrity": "sha512-OTpbBMuzfC4lkvaomxqskI/iWRGW3zOZbDXZLNSyiuswTiSSGgILRLkg0POuZ4EgzEdaYaTlXpnXiCp07ri/Yw=="
    },
    "@types/gapi.client.discovery": {
      "version": "1.0.8",
      "resolved": "https://registry.npmjs.org/@types/gapi.client.discovery/-/gapi.client.discovery-1.0.8.tgz",
      "integrity": "sha512-cYVp7ISY2oqH/cHIfLVjppJo7xmMiY/RhMVN0O/6Z+X3grwojmuDIHcUw/C1F31/zFpFWDSjaPkwNP0aKIbbcw==",
      "requires": {
        "@maxim_mazurok/gapi.client.discovery-v1": "latest"
      }
    },
    "@types/gapi.client.drive": {
      "version": "3.0.14",
      "resolved": "https://registry.npmjs.org/@types/gapi.client.drive/-/gapi.client.drive-3.0.14.tgz",
      "integrity": "sha512-q16KCwZsxYsPz43lhFYoFwjwELj+BmIS2HVs8upwlXhiLMEVnC957hYT7rKCYi8YyarKLoLBHshsMIpC//CT7Q==",
      "requires": {
        "@maxim_mazurok/gapi.client.drive-v3": "latest"
      }
    },
    "@types/gapi.client.gmail": {
      "version": "1.0.4",
      "resolved": "https://registry.npmjs.org/@types/gapi.client.gmail/-/gapi.client.gmail-1.0.4.tgz",
      "integrity": "sha512-qu6TegbxHxgn+x3sNWJkggSOsw/aCkz8xYKQCh0lF97EyD20uBe1wT0Zsg3NV2v3bhChPi7vIJVnSiidk/P1qQ==",
      "requires": {
        "@maxim_mazurok/gapi.client.gmail-v1": "latest"
      }
    },
    "@types/gapi.client.oauth2": {
      "version": "2.0.3",
      "resolved": "https://registry.npmjs.org/@types/gapi.client.oauth2/-/gapi.client.oauth2-2.0.3.tgz",
      "integrity": "sha512-+K1KV4x3p60+ZwUpo4197j3A6vk/lgYSwJGsfSA5TupCKQld/BjxfOPrlfRzdkdE2p8dw4Efd3L8NZZawd7n2w==",
      "requires": {
        "@maxim_mazurok/gapi.client.oauth2-v2": "latest"
      }
    },
    "@types/gapi.client.sheets": {
      "version": "4.0.20201030",
      "resolved": "https://registry.npmjs.org/@types/gapi.client.sheets/-/gapi.client.sheets-4.0.20201030.tgz",
      "integrity": "sha512-U6sBNFNbIV8Z18jKDpK3m5ehyHXbAJKfT3kM84hb57/tkcWvfXFu84xg4PFKHHxTSUlL0arF1ikesNdM3hRrjw==",
      "requires": {
        "@maxim_mazurok/gapi.client.sheets-v4": "latest"
      }
    },
    "@types/google-apps-script": {
      "version": "1.0.57",
      "resolved": "https://registry.npmjs.org/@types/google-apps-script/-/google-apps-script-1.0.57.tgz",
      "integrity": "sha512-w06Yoh+SamGpS2kGVlGy/5JkmFkLrW6u3tbglyHEu9uC9lrzqr6FyLcgVsL95Tmq9L0q//D8seqd4GZGRPPKUw=="
    }
  }
}
